
Microsoft Visual Studio Solution File, Format Version 12.00
# Visual Studio 15
VisualStudioVersion = 15.0.26124.0
MinimumVisualStudioVersion = 15.0.26124.0
Project("{2150E333-8FDC-42A3-9474-1A3956D46DE8}") = "Day1", "Day1", "{E43424E5-6CD5-4EDA-95C5-82B10C326128}"
EndProject
Project("{FAE04EC0-301F-11D3-BF4B-00C04F79EFBC}") = "Day1.Part1", "Day1\Part1\Day1.Part1.csproj", "{85DA76D3-570B-4760-B686-08B80A94515B}"
EndProject
Project("{FAE04EC0-301F-11D3-BF4B-00C04F79EFBC}") = "Day1.Part2", "Day1\Part2\Day1.Part2.csproj", "{A20C2D16-026B-4904-9004-60E17D9347D9}"
EndProject
Project("{2150E333-8FDC-42A3-9474-1A3956D46DE8}") = "Day2", "Day2", "{D04EE370-76E9-4030-8F2E-52A9A9ACB481}"
EndProject
Project("{F2A71F9B-5D33-465A-A702-920D77279786}") = "Part1", "Day2\Part1\Day2.Part1.fsproj", "{95606F2B-B91D-4490-917B-F6C99F40F7BE}"
EndProject
Project("{F2A71F9B-5D33-465A-A702-920D77279786}") = "Part1.Tests", "Day2\Part1.Tests\Day2.Part1.Tests.fsproj", "{1E02FDD6-45B6-44F1-A884-FC58636F6430}"
EndProject
Project("{F2A71F9B-5D33-465A-A702-920D77279786}") = "Day2.Part2", "Day2\Part2\Day2.Part2.fsproj", "{6293DDE3-4DA2-4CC7-A6BE-F7DD01F9E470}"
EndProject
Project("{F2A71F9B-5D33-465A-A702-920D77279786}") = "Day2.Part2.Tests", "Day2\Part2.Tests\Day2.Part2.Tests.fsproj", "{334E429E-1F75-4E31-BCEE-901C051FA630}"
EndProject
Project("{2150E333-8FDC-42A3-9474-1A3956D46DE8}") = "Day3", "Day3", "{0D453094-7A65-4D02-B75D-350B518A822A}"
EndProject
Project("{F2A71F9B-5D33-465A-A702-920D77279786}") = "Day3.Part1", "Day3\Part1\Day3.Part1.fsproj", "{E54ABE17-7CBC-4EA9-82F0-EACB3FB037BF}"
EndProject
Project("{F2A71F9B-5D33-465A-A702-920D77279786}") = "Day3.Part1.Tests", "Day3\Part1.Tests\Day3.Part1.Tests.fsproj", "{17EDD24D-7982-4BD6-962F-0C5A7C2C8D5F}"
EndProject
Global
	GlobalSection(SolutionConfigurationPlatforms) = preSolution
		Debug|Any CPU = Debug|Any CPU
		Debug|x64 = Debug|x64
		Debug|x86 = Debug|x86
		Release|Any CPU = Release|Any CPU
		Release|x64 = Release|x64
		Release|x86 = Release|x86
	EndGlobalSection
	GlobalSection(SolutionProperties) = preSolution
		HideSolutionNode = FALSE
	EndGlobalSection
	GlobalSection(ProjectConfigurationPlatforms) = postSolution
		{85DA76D3-570B-4760-B686-08B80A94515B}.Debug|Any CPU.ActiveCfg = Debug|Any CPU
		{85DA76D3-570B-4760-B686-08B80A94515B}.Debug|Any CPU.Build.0 = Debug|Any CPU
		{85DA76D3-570B-4760-B686-08B80A94515B}.Debug|x64.ActiveCfg = Debug|Any CPU
		{85DA76D3-570B-4760-B686-08B80A94515B}.Debug|x64.Build.0 = Debug|Any CPU
		{85DA76D3-570B-4760-B686-08B80A94515B}.Debug|x86.ActiveCfg = Debug|Any CPU
		{85DA76D3-570B-4760-B686-08B80A94515B}.Debug|x86.Build.0 = Debug|Any CPU
		{85DA76D3-570B-4760-B686-08B80A94515B}.Release|Any CPU.ActiveCfg = Release|Any CPU
		{85DA76D3-570B-4760-B686-08B80A94515B}.Release|Any CPU.Build.0 = Release|Any CPU
		{85DA76D3-570B-4760-B686-08B80A94515B}.Release|x64.ActiveCfg = Release|Any CPU
		{85DA76D3-570B-4760-B686-08B80A94515B}.Release|x64.Build.0 = Release|Any CPU
		{85DA76D3-570B-4760-B686-08B80A94515B}.Release|x86.ActiveCfg = Release|Any CPU
		{85DA76D3-570B-4760-B686-08B80A94515B}.Release|x86.Build.0 = Release|Any CPU
		{A20C2D16-026B-4904-9004-60E17D9347D9}.Debug|Any CPU.ActiveCfg = Debug|Any CPU
		{A20C2D16-026B-4904-9004-60E17D9347D9}.Debug|Any CPU.Build.0 = Debug|Any CPU
		{A20C2D16-026B-4904-9004-60E17D9347D9}.Debug|x64.ActiveCfg = Debug|Any CPU
		{A20C2D16-026B-4904-9004-60E17D9347D9}.Debug|x64.Build.0 = Debug|Any CPU
		{A20C2D16-026B-4904-9004-60E17D9347D9}.Debug|x86.ActiveCfg = Debug|Any CPU
		{A20C2D16-026B-4904-9004-60E17D9347D9}.Debug|x86.Build.0 = Debug|Any CPU
		{A20C2D16-026B-4904-9004-60E17D9347D9}.Release|Any CPU.ActiveCfg = Release|Any CPU
		{A20C2D16-026B-4904-9004-60E17D9347D9}.Release|Any CPU.Build.0 = Release|Any CPU
		{A20C2D16-026B-4904-9004-60E17D9347D9}.Release|x64.ActiveCfg = Release|Any CPU
		{A20C2D16-026B-4904-9004-60E17D9347D9}.Release|x64.Build.0 = Release|Any CPU
		{A20C2D16-026B-4904-9004-60E17D9347D9}.Release|x86.ActiveCfg = Release|Any CPU
		{A20C2D16-026B-4904-9004-60E17D9347D9}.Release|x86.Build.0 = Release|Any CPU
		{95606F2B-B91D-4490-917B-F6C99F40F7BE}.Debug|Any CPU.ActiveCfg = Debug|Any CPU
		{95606F2B-B91D-4490-917B-F6C99F40F7BE}.Debug|Any CPU.Build.0 = Debug|Any CPU
		{95606F2B-B91D-4490-917B-F6C99F40F7BE}.Debug|x64.ActiveCfg = Debug|Any CPU
		{95606F2B-B91D-4490-917B-F6C99F40F7BE}.Debug|x64.Build.0 = Debug|Any CPU
		{95606F2B-B91D-4490-917B-F6C99F40F7BE}.Debug|x86.ActiveCfg = Debug|Any CPU
		{95606F2B-B91D-4490-917B-F6C99F40F7BE}.Debug|x86.Build.0 = Debug|Any CPU
		{95606F2B-B91D-4490-917B-F6C99F40F7BE}.Release|Any CPU.ActiveCfg = Release|Any CPU
		{95606F2B-B91D-4490-917B-F6C99F40F7BE}.Release|Any CPU.Build.0 = Release|Any CPU
		{95606F2B-B91D-4490-917B-F6C99F40F7BE}.Release|x64.ActiveCfg = Release|Any CPU
		{95606F2B-B91D-4490-917B-F6C99F40F7BE}.Release|x64.Build.0 = Release|Any CPU
		{95606F2B-B91D-4490-917B-F6C99F40F7BE}.Release|x86.ActiveCfg = Release|Any CPU
		{95606F2B-B91D-4490-917B-F6C99F40F7BE}.Release|x86.Build.0 = Release|Any CPU
		{1E02FDD6-45B6-44F1-A884-FC58636F6430}.Debug|Any CPU.ActiveCfg = Debug|Any CPU
		{1E02FDD6-45B6-44F1-A884-FC58636F6430}.Debug|Any CPU.Build.0 = Debug|Any CPU
		{1E02FDD6-45B6-44F1-A884-FC58636F6430}.Debug|x64.ActiveCfg = Debug|Any CPU
		{1E02FDD6-45B6-44F1-A884-FC58636F6430}.Debug|x64.Build.0 = Debug|Any CPU
		{1E02FDD6-45B6-44F1-A884-FC58636F6430}.Debug|x86.ActiveCfg = Debug|Any CPU
		{1E02FDD6-45B6-44F1-A884-FC58636F6430}.Debug|x86.Build.0 = Debug|Any CPU
		{1E02FDD6-45B6-44F1-A884-FC58636F6430}.Release|Any CPU.ActiveCfg = Release|Any CPU
		{1E02FDD6-45B6-44F1-A884-FC58636F6430}.Release|Any CPU.Build.0 = Release|Any CPU
		{1E02FDD6-45B6-44F1-A884-FC58636F6430}.Release|x64.ActiveCfg = Release|Any CPU
		{1E02FDD6-45B6-44F1-A884-FC58636F6430}.Release|x64.Build.0 = Release|Any CPU
		{1E02FDD6-45B6-44F1-A884-FC58636F6430}.Release|x86.ActiveCfg = Release|Any CPU
		{1E02FDD6-45B6-44F1-A884-FC58636F6430}.Release|x86.Build.0 = Release|Any CPU
		{6293DDE3-4DA2-4CC7-A6BE-F7DD01F9E470}.Debug|Any CPU.ActiveCfg = Debug|Any CPU
		{6293DDE3-4DA2-4CC7-A6BE-F7DD01F9E470}.Debug|Any CPU.Build.0 = Debug|Any CPU
		{6293DDE3-4DA2-4CC7-A6BE-F7DD01F9E470}.Debug|x64.ActiveCfg = Debug|Any CPU
		{6293DDE3-4DA2-4CC7-A6BE-F7DD01F9E470}.Debug|x64.Build.0 = Debug|Any CPU
		{6293DDE3-4DA2-4CC7-A6BE-F7DD01F9E470}.Debug|x86.ActiveCfg = Debug|Any CPU
		{6293DDE3-4DA2-4CC7-A6BE-F7DD01F9E470}.Debug|x86.Build.0 = Debug|Any CPU
		{6293DDE3-4DA2-4CC7-A6BE-F7DD01F9E470}.Release|Any CPU.ActiveCfg = Release|Any CPU
		{6293DDE3-4DA2-4CC7-A6BE-F7DD01F9E470}.Release|Any CPU.Build.0 = Release|Any CPU
		{6293DDE3-4DA2-4CC7-A6BE-F7DD01F9E470}.Release|x64.ActiveCfg = Release|Any CPU
		{6293DDE3-4DA2-4CC7-A6BE-F7DD01F9E470}.Release|x64.Build.0 = Release|Any CPU
		{6293DDE3-4DA2-4CC7-A6BE-F7DD01F9E470}.Release|x86.ActiveCfg = Release|Any CPU
		{6293DDE3-4DA2-4CC7-A6BE-F7DD01F9E470}.Release|x86.Build.0 = Release|Any CPU
		{334E429E-1F75-4E31-BCEE-901C051FA630}.Debug|Any CPU.ActiveCfg = Debug|Any CPU
		{334E429E-1F75-4E31-BCEE-901C051FA630}.Debug|Any CPU.Build.0 = Debug|Any CPU
		{334E429E-1F75-4E31-BCEE-901C051FA630}.Debug|x64.ActiveCfg = Debug|Any CPU
		{334E429E-1F75-4E31-BCEE-901C051FA630}.Debug|x64.Build.0 = Debug|Any CPU
		{334E429E-1F75-4E31-BCEE-901C051FA630}.Debug|x86.ActiveCfg = Debug|Any CPU
		{334E429E-1F75-4E31-BCEE-901C051FA630}.Debug|x86.Build.0 = Debug|Any CPU
		{334E429E-1F75-4E31-BCEE-901C051FA630}.Release|Any CPU.ActiveCfg = Release|Any CPU
		{334E429E-1F75-4E31-BCEE-901C051FA630}.Release|Any CPU.Build.0 = Release|Any CPU
		{334E429E-1F75-4E31-BCEE-901C051FA630}.Release|x64.ActiveCfg = Release|Any CPU
		{334E429E-1F75-4E31-BCEE-901C051FA630}.Release|x64.Build.0 = Release|Any CPU
		{334E429E-1F75-4E31-BCEE-901C051FA630}.Release|x86.ActiveCfg = Release|Any CPU
		{334E429E-1F75-4E31-BCEE-901C051FA630}.Release|x86.Build.0 = Release|Any CPU
		{E54ABE17-7CBC-4EA9-82F0-EACB3FB037BF}.Debug|Any CPU.ActiveCfg = Debug|Any CPU
		{E54ABE17-7CBC-4EA9-82F0-EACB3FB037BF}.Debug|Any CPU.Build.0 = Debug|Any CPU
		{E54ABE17-7CBC-4EA9-82F0-EACB3FB037BF}.Debug|x64.ActiveCfg = Debug|Any CPU
		{E54ABE17-7CBC-4EA9-82F0-EACB3FB037BF}.Debug|x64.Build.0 = Debug|Any CPU
		{E54ABE17-7CBC-4EA9-82F0-EACB3FB037BF}.Debug|x86.ActiveCfg = Debug|Any CPU
		{E54ABE17-7CBC-4EA9-82F0-EACB3FB037BF}.Debug|x86.Build.0 = Debug|Any CPU
		{E54ABE17-7CBC-4EA9-82F0-EACB3FB037BF}.Release|Any CPU.ActiveCfg = Release|Any CPU
		{E54ABE17-7CBC-4EA9-82F0-EACB3FB037BF}.Release|Any CPU.Build.0 = Release|Any CPU
		{E54ABE17-7CBC-4EA9-82F0-EACB3FB037BF}.Release|x64.ActiveCfg = Release|Any CPU
		{E54ABE17-7CBC-4EA9-82F0-EACB3FB037BF}.Release|x64.Build.0 = Release|Any CPU
		{E54ABE17-7CBC-4EA9-82F0-EACB3FB037BF}.Release|x86.ActiveCfg = Release|Any CPU
		{E54ABE17-7CBC-4EA9-82F0-EACB3FB037BF}.Release|x86.Build.0 = Release|Any CPU
		{17EDD24D-7982-4BD6-962F-0C5A7C2C8D5F}.Debug|Any CPU.ActiveCfg = Debug|Any CPU
		{17EDD24D-7982-4BD6-962F-0C5A7C2C8D5F}.Debug|Any CPU.Build.0 = Debug|Any CPU
		{17EDD24D-7982-4BD6-962F-0C5A7C2C8D5F}.Debug|x64.ActiveCfg = Debug|Any CPU
		{17EDD24D-7982-4BD6-962F-0C5A7C2C8D5F}.Debug|x64.Build.0 = Debug|Any CPU
		{17EDD24D-7982-4BD6-962F-0C5A7C2C8D5F}.Debug|x86.ActiveCfg = Debug|Any CPU
		{17EDD24D-7982-4BD6-962F-0C5A7C2C8D5F}.Debug|x86.Build.0 = Debug|Any CPU
		{17EDD24D-7982-4BD6-962F-0C5A7C2C8D5F}.Release|Any CPU.ActiveCfg = Release|Any CPU
		{17EDD24D-7982-4BD6-962F-0C5A7C2C8D5F}.Release|Any CPU.Build.0 = Release|Any CPU
		{17EDD24D-7982-4BD6-962F-0C5A7C2C8D5F}.Release|x64.ActiveCfg = Release|Any CPU
		{17EDD24D-7982-4BD6-962F-0C5A7C2C8D5F}.Release|x64.Build.0 = Release|Any CPU
		{17EDD24D-7982-4BD6-962F-0C5A7C2C8D5F}.Release|x86.ActiveCfg = Release|Any CPU
		{17EDD24D-7982-4BD6-962F-0C5A7C2C8D5F}.Release|x86.Build.0 = Release|Any CPU
	EndGlobalSection
	GlobalSection(NestedProjects) = preSolution
		{85DA76D3-570B-4760-B686-08B80A94515B} = {E43424E5-6CD5-4EDA-95C5-82B10C326128}
		{A20C2D16-026B-4904-9004-60E17D9347D9} = {E43424E5-6CD5-4EDA-95C5-82B10C326128}
		{95606F2B-B91D-4490-917B-F6C99F40F7BE} = {D04EE370-76E9-4030-8F2E-52A9A9ACB481}
		{1E02FDD6-45B6-44F1-A884-FC58636F6430} = {D04EE370-76E9-4030-8F2E-52A9A9ACB481}
		{6293DDE3-4DA2-4CC7-A6BE-F7DD01F9E470} = {D04EE370-76E9-4030-8F2E-52A9A9ACB481}
		{334E429E-1F75-4E31-BCEE-901C051FA630} = {D04EE370-76E9-4030-8F2E-52A9A9ACB481}
		{E54ABE17-7CBC-4EA9-82F0-EACB3FB037BF} = {0D453094-7A65-4D02-B75D-350B518A822A}
		{17EDD24D-7982-4BD6-962F-0C5A7C2C8D5F} = {0D453094-7A65-4D02-B75D-350B518A822A}
	EndGlobalSection
EndGlobal
